// !$*UTF8*$!
{
	archiveVersion = 1;
	classes = {
	};
	objectVersion = 50;
	objects = {

/* Begin PBXBuildFile section */
		47419CEF217A745600045B25 /* AppDelegate.swift in Sources */ = {isa = PBXBuildFile; fileRef = 47419CEE217A745600045B25 /* AppDelegate.swift */; };
		47419CF1217A745600045B25 /* MasterViewController.swift in Sources */ = {isa = PBXBuildFile; fileRef = 47419CF0217A745600045B25 /* MasterViewController.swift */; };
		47419CF3217A745600045B25 /* DetailViewController.swift in Sources */ = {isa = PBXBuildFile; fileRef = 47419CF2217A745600045B25 /* DetailViewController.swift */; };
		47419CF6217A745600045B25 /* Main.storyboard in Resources */ = {isa = PBXBuildFile; fileRef = 47419CF4217A745600045B25 /* Main.storyboard */; };
		47419CF8217A745800045B25 /* Assets.xcassets in Resources */ = {isa = PBXBuildFile; fileRef = 47419CF7217A745800045B25 /* Assets.xcassets */; };
		47419CFB217A745800045B25 /* LaunchScreen.storyboard in Resources */ = {isa = PBXBuildFile; fileRef = 47419CF9217A745800045B25 /* LaunchScreen.storyboard */; };
		47419D09217A80F700045B25 /* Location.swift in Sources */ = {isa = PBXBuildFile; fileRef = 47419D08217A80F700045B25 /* Location.swift */; };
		47419D0B217A810E00045B25 /* Weather.swift in Sources */ = {isa = PBXBuildFile; fileRef = 47419D0A217A810E00045B25 /* Weather.swift */; };
		47419D0D217A812400045B25 /* DataFetcher.swift in Sources */ = {isa = PBXBuildFile; fileRef = 47419D0C217A812400045B25 /* DataFetcher.swift */; };
		47419D0F217A813000045B25 /* Formatter.swift in Sources */ = {isa = PBXBuildFile; fileRef = 47419D0E217A813000045B25 /* Formatter.swift */; };
		47419D11217A837B00045B25 /* LocationTableCell.swift in Sources */ = {isa = PBXBuildFile; fileRef = 47419D10217A837B00045B25 /* LocationTableCell.swift */; };
		47419D15217A859100045B25 /* CacheData.swift in Sources */ = {isa = PBXBuildFile; fileRef = 47419D14217A859100045B25 /* CacheData.swift */; };
/* End PBXBuildFile section */

/* Begin PBXFileReference section */
		47419CEB217A745600045B25 /* whats-the-weather.app */ = {isa = PBXFileReference; explicitFileType = wrapper.application; includeInIndex = 0; path = "whats-the-weather.app"; sourceTree = BUILT_PRODUCTS_DIR; };
		47419CEE217A745600045B25 /* AppDelegate.swift */ = {isa = PBXFileReference; lastKnownFileType = sourcecode.swift; path = AppDelegate.swift; sourceTree = "<group>"; };
		47419CF0217A745600045B25 /* MasterViewController.swift */ = {isa = PBXFileReference; lastKnownFileType = sourcecode.swift; path = MasterViewController.swift; sourceTree = "<group>"; };
		47419CF2217A745600045B25 /* DetailViewController.swift */ = {isa = PBXFileReference; lastKnownFileType = sourcecode.swift; path = DetailViewController.swift; sourceTree = "<group>"; };
		47419CF5217A745600045B25 /* Base */ = {isa = PBXFileReference; lastKnownFileType = file.storyboard; name = Base; path = Base.lproj/Main.storyboard; sourceTree = "<group>"; };
		47419CF7217A745800045B25 /* Assets.xcassets */ = {isa = PBXFileReference; lastKnownFileType = folder.assetcatalog; path = Assets.xcassets; sourceTree = "<group>"; };
		47419CFA217A745800045B25 /* Base */ = {isa = PBXFileReference; lastKnownFileType = file.storyboard; name = Base; path = Base.lproj/LaunchScreen.storyboard; sourceTree = "<group>"; };
		47419CFC217A745800045B25 /* Info.plist */ = {isa = PBXFileReference; lastKnownFileType = text.plist.xml; path = Info.plist; sourceTree = "<group>"; };
		47419D08217A80F700045B25 /* Location.swift */ = {isa = PBXFileReference; lastKnownFileType = sourcecode.swift; path = Location.swift; sourceTree = "<group>"; };
		47419D0A217A810E00045B25 /* Weather.swift */ = {isa = PBXFileReference; lastKnownFileType = sourcecode.swift; path = Weather.swift; sourceTree = "<group>"; };
		47419D0C217A812400045B25 /* DataFetcher.swift */ = {isa = PBXFileReference; lastKnownFileType = sourcecode.swift; path = DataFetcher.swift; sourceTree = "<group>"; };
		47419D0E217A813000045B25 /* Formatter.swift */ = {isa = PBXFileReference; lastKnownFileType = sourcecode.swift; path = Formatter.swift; sourceTree = "<group>"; };
		47419D10217A837B00045B25 /* LocationTableCell.swift */ = {isa = PBXFileReference; lastKnownFileType = sourcecode.swift; path = LocationTableCell.swift; sourceTree = "<group>"; };
		47419D14217A859100045B25 /* CacheData.swift */ = {isa = PBXFileReference; lastKnownFileType = sourcecode.swift; path = CacheData.swift; sourceTree = "<group>"; };
/* End PBXFileReference section */

/* Begin PBXFrameworksBuildPhase section */
		47419CE8217A745600045B25 /* Frameworks */ = {
			isa = PBXFrameworksBuildPhase;
			buildActionMask = 2147483647;
			files = (
			);
			runOnlyForDeploymentPostprocessing = 0;
		};
/* End PBXFrameworksBuildPhase section */

/* Begin PBXGroup section */
		47419CE2217A745600045B25 = {
			isa = PBXGroup;
			children = (
				47419CED217A745600045B25 /* whats-the-weather */,
				47419CEC217A745600045B25 /* Products */,
			);
			sourceTree = "<group>";
		};
		47419CEC217A745600045B25 /* Products */ = {
			isa = PBXGroup;
			children = (
				47419CEB217A745600045B25 /* whats-the-weather.app */,
			);
			name = Products;
			sourceTree = "<group>";
		};
		47419CED217A745600045B25 /* whats-the-weather */ = {
			isa = PBXGroup;
			children = (
				47419D04217A7FE300045B25 /* Views */,
				47419D03217A7D5700045B25 /* Services */,
				47419D02217A7D4A00045B25 /* Models */,
				47419CEE217A745600045B25 /* AppDelegate.swift */,
				47419CF4217A745600045B25 /* Main.storyboard */,
				47419CF7217A745800045B25 /* Assets.xcassets */,
				47419CF9217A745800045B25 /* LaunchScreen.storyboard */,
				47419CFC217A745800045B25 /* Info.plist */,
			);
			path = "whats-the-weather";
			sourceTree = "<group>";
		};
		47419D02217A7D4A00045B25 /* Models */ = {
			isa = PBXGroup;
			children = (
				47419D08217A80F700045B25 /* Location.swift */,
				47419D0A217A810E00045B25 /* Weather.swift */,
			);
			path = Models;
			sourceTree = "<group>";
		};
		47419D03217A7D5700045B25 /* Services */ = {
			isa = PBXGroup;
			children = (
				47419D0C217A812400045B25 /* DataFetcher.swift */,
				47419D0E217A813000045B25 /* Formatter.swift */,
				47419D14217A859100045B25 /* CacheData.swift */,
			);
			path = Services;
			sourceTree = "<group>";
		};
		47419D04217A7FE300045B25 /* Views */ = {
			isa = PBXGroup;
			children = (
				47419D07217A806100045B25 /* Search */,
				47419D06217A801D00045B25 /* Detail */,
				47419D05217A800300045B25 /* Master */,
			);
			path = Views;
			sourceTree = "<group>";
		};
		47419D05217A800300045B25 /* Master */ = {
			isa = PBXGroup;
			children = (
				47419CF0217A745600045B25 /* MasterViewController.swift */,
				47419D10217A837B00045B25 /* LocationTableCell.swift */,
			);
			path = Master;
			sourceTree = "<group>";
		};
		47419D06217A801D00045B25 /* Detail */ = {
			isa = PBXGroup;
			children = (
				47419CF2217A745600045B25 /* DetailViewController.swift */,
			);
			path = Detail;
			sourceTree = "<group>";
		};
		47419D07217A806100045B25 /* Search */ = {
			isa = PBXGroup;
			children = (
			);
			path = Search;
			sourceTree = "<group>";
		};
/* End PBXGroup section */

/* Begin PBXNativeTarget section */
		47419CEA217A745600045B25 /* whats-the-weather */ = {
			isa = PBXNativeTarget;
			buildConfigurationList = 47419CFF217A745800045B25 /* Build configuration list for PBXNativeTarget "whats-the-weather" */;
			buildPhases = (
				47419CE7217A745600045B25 /* Sources */,
				47419CE8217A745600045B25 /* Frameworks */,
				47419CE9217A745600045B25 /* Resources */,
			);
			buildRules = (
			);
			dependencies = (
			);
			name = "whats-the-weather";
			productName = "whats-the-weather";
			productReference = 47419CEB217A745600045B25 /* whats-the-weather.app */;
			productType = "com.apple.product-type.application";
		};
/* End PBXNativeTarget section */

/* Begin PBXProject section */
		47419CE3217A745600045B25 /* Project object */ = {
			isa = PBXProject;
			attributes = {
				LastSwiftUpdateCheck = 1000;
				LastUpgradeCheck = 1000;
				ORGANIZATIONNAME = kjkl;
				TargetAttributes = {
					47419CEA217A745600045B25 = {
						CreatedOnToolsVersion = 10.0;
					};
				};
			};
			buildConfigurationList = 47419CE6217A745600045B25 /* Build configuration list for PBXProject "whats-the-weather" */;
			compatibilityVersion = "Xcode 9.3";
			developmentRegion = en;
			hasScannedForEncodings = 0;
			knownRegions = (
				en,
				Base,
			);
			mainGroup = 47419CE2217A745600045B25;
			productRefGroup = 47419CEC217A745600045B25 /* Products */;
			projectDirPath = "";
			projectRoot = "";
			targets = (
				47419CEA217A745600045B25 /* whats-the-weather */,
			);
		};
/* End PBXProject section */

/* Begin PBXResourcesBuildPhase section */
		47419CE9217A745600045B25 /* Resources */ = {
			isa = PBXResourcesBuildPhase;
			buildActionMask = 2147483647;
			files = (
				47419CFB217A745800045B25 /* LaunchScreen.storyboard in Resources */,
				47419CF8217A745800045B25 /* Assets.xcassets in Resources */,
				47419CF6217A745600045B25 /* Main.storyboard in Resources */,
			);
			runOnlyForDeploymentPostprocessing = 0;
		};
/* End PBXResourcesBuildPhase section */

/* Begin PBXSourcesBuildPhase section */
		47419CE7217A745600045B25 /* Sources */ = {
			isa = PBXSourcesBuildPhase;
			buildActionMask = 2147483647;
			files = (
				47419CF3217A745600045B25 /* DetailViewController.swift in Sources */,
				47419CF1217A745600045B25 /* MasterViewController.swift in Sources */,
				47419D09217A80F700045B25 /* Location.swift in Sources */,
				47419D11217A837B00045B25 /* LocationTableCell.swift in Sources */,
				47419D0F217A813000045B25 /* Formatter.swift in Sources */,
				47419D0D217A812400045B25 /* DataFetcher.swift in Sources */,
				47419D15217A859100045B25 /* CacheData.swift in Sources */,
				47419CEF217A745600045B25 /* AppDelegate.swift in Sources */,
				47419D0B217A810E00045B25 /* Weather.swift in Sources */,
			);
			runOnlyForDeploymentPostprocessing = 0;
		};
/* End PBXSourcesBuildPhase section */

/* Begin PBXVariantGroup section */
		47419CF4217A745600045B25 /* Main.storyboard */ = {
			isa = PBXVariantGroup;
			children = (
				47419CF5217A745600045B25 /* Base */,
			);
			name = Main.storyboard;
			sourceTree = "<group>";
		};
		47419CF9217A745800045B25 /* LaunchScreen.storyboard */ = {
			isa = PBXVariantGroup;
			children = (
				47419CFA217A745800045B25 /* Base */,
			);
			name = LaunchScreen.storyboard;
			sourceTree = "<group>";
		};
/* End PBXVariantGroup section */

/* Begin XCBuildConfiguration section */
		47419CFD217A745800045B25 /* Debug */ = {
			isa = XCBuildConfiguration;
			buildSettings = {
				ALWAYS_SEARCH_USER_PATHS = NO;
				CLANG_ANALYZER_NONNULL = YES;
				CLANG_ANALYZER_NUMBER_OBJECT_CONVERSION = YES_AGGRESSIVE;
				CLANG_CXX_LANGUAGE_STANDARD = "gnu++14";
				CLANG_CXX_LIBRARY = "libc++";
				CLANG_ENABLE_MODULES = YES;
				CLANG_ENABLE_OBJC_ARC = YES;
				CLANG_ENABLE_OBJC_WEAK = YES;
				CLANG_WARN_BLOCK_CAPTURE_AUTORELEASING = YES;
				CLANG_WARN_BOOL_CONVERSION = YES;
				CLANG_WARN_COMMA = YES;
				CLANG_WARN_CONSTANT_CONVERSION = YES;
				CLANG_WARN_DEPRECATED_OBJC_IMPLEMENTATIONS = YES;
				CLANG_WARN_DIRECT_OBJC_ISA_USAGE = YES_ERROR;
				CLANG_WARN_DOCUMENTATION_COMMENTS = YES;
				CLANG_WARN_EMPTY_BODY = YES;
				CLANG_WARN_ENUM_CONVERSION = YES;
				CLANG_WARN_INFINITE_RECURSION = YES;
				CLANG_WARN_INT_CONVERSION = YES;
				CLANG_WARN_NON_LITERAL_NULL_CONVERSION = YES;
				CLANG_WARN_OBJC_IMPLICIT_RETAIN_SELF = YES;
				CLANG_WARN_OBJC_LITERAL_CONVERSION = YES;
				CLANG_WARN_OBJC_ROOT_CLASS = YES_ERROR;
				CLANG_WARN_RANGE_LOOP_ANALYSIS = YES;
				CLANG_WARN_STRICT_PROTOTYPES = YES;
				CLANG_WARN_SUSPICIOUS_MOVE = YES;
				CLANG_WARN_UNGUARDED_AVAILABILITY = YES_AGGRESSIVE;
				CLANG_WARN_UNREACHABLE_CODE = YES;
				CLANG_WARN__DUPLICATE_METHOD_MATCH = YES;
				CODE_SIGN_IDENTITY = "iPhone Developer";
				COPY_PHASE_STRIP = NO;
				DEBUG_INFORMATION_FORMAT = dwarf;
				ENABLE_STRICT_OBJC_MSGSEND = YES;
				ENABLE_TESTABILITY = YES;
				GCC_C_LANGUAGE_STANDARD = gnu11;
				GCC_DYNAMIC_NO_PIC = NO;
				GCC_NO_COMMON_BLOCKS = YES;
				GCC_OPTIMIZATION_LEVEL = 0;
				GCC_PREPROCESSOR_DEFINITIONS = (
					"DEBUG=1",
					"$(inherited)",
				);
				GCC_WARN_64_TO_32_BIT_CONVERSION = YES;
				GCC_WARN_ABOUT_RETURN_TYPE = YES_ERROR;
				GCC_WARN_UNDECLARED_SELECTOR = YES;
				GCC_WARN_UNINITIALIZED_AUTOS = YES_AGGRESSIVE;
				GCC_WARN_UNUSED_FUNCTION = YES;
				GCC_WARN_UNUSED_VARIABLE = YES;
				IPHONEOS_DEPLOYMENT_TARGET = 12.0;
				MTL_ENABLE_DEBUG_INFO = INCLUDE_SOURCE;
				MTL_FAST_MATH = YES;
				ONLY_ACTIVE_ARCH = YES;
				SDKROOT = iphoneos;
				SWIFT_ACTIVE_COMPILATION_CONDITIONS = DEBUG;
				SWIFT_OPTIMIZATION_LEVEL = "-Onone";
			};
			name = Debug;
		};
		47419CFE217A745800045B25 /* Release */ = {
			isa = XCBuildConfiguration;
			buildSettings = {
				ALWAYS_SEARCH_USER_PATHS = NO;
				CLANG_ANALYZER_NONNULL = YES;
				CLANG_ANALYZER_NUMBER_OBJECT_CONVERSION = YES_AGGRESSIVE;
				CLANG_CXX_LANGUAGE_STANDARD = "gnu++14";
				CLANG_CXX_LIBRARY = "libc++";
				CLANG_ENABLE_MODULES = YES;
				CLANG_ENABLE_OBJC_ARC = YES;
				CLANG_ENABLE_OBJC_WEAK = YES;
				CLANG_WARN_BLOCK_CAPTURE_AUTORELEASING = YES;
				CLANG_WARN_BOOL_CONVERSION = YES;
				CLANG_WARN_COMMA = YES;
				CLANG_WARN_CONSTANT_CONVERSION = YES;
				CLANG_WARN_DEPRECATED_OBJC_IMPLEMENTATIONS = YES;
				CLANG_WARN_DIRECT_OBJC_ISA_USAGE = YES_ERROR;
				CLANG_WARN_DOCUMENTATION_COMMENTS = YES;
				CLANG_WARN_EMPTY_BODY = YES;
				CLANG_WARN_ENUM_CONVERSION = YES;
				CLANG_WARN_INFINITE_RECURSION = YES;
				CLANG_WARN_INT_CONVERSION = YES;
				CLANG_WARN_NON_LITERAL_NULL_CONVERSION = YES;
				CLANG_WARN_OBJC_IMPLICIT_RETAIN_SELF = YES;
				CLANG_WARN_OBJC_LITERAL_CONVERSION = YES;
				CLANG_WARN_OBJC_ROOT_CLASS = YES_ERROR;
				CLANG_WARN_RANGE_LOOP_ANALYSIS = YES;
				CLANG_WARN_STRICT_PROTOTYPES = YES;
				CLANG_WARN_SUSPICIOUS_MOVE = YES;
				CLANG_WARN_UNGUARDED_AVAILABILITY = YES_AGGRESSIVE;
				CLANG_WARN_UNREACHABLE_CODE = YES;
				CLANG_WARN__DUPLICATE_METHOD_MATCH = YES;
				CODE_SIGN_IDENTITY = "iPhone Developer";
				COPY_PHASE_STRIP = NO;
				DEBUG_INFORMATION_FORMAT = "dwarf-with-dsym";
				ENABLE_NS_ASSERTIONS = NO;
				ENABLE_STRICT_OBJC_MSGSEND = YES;
				GCC_C_LANGUAGE_STANDARD = gnu11;
				GCC_NO_COMMON_BLOCKS = YES;
				GCC_WARN_64_TO_32_BIT_CONVERSION = YES;
				GCC_WARN_ABOUT_RETURN_TYPE = YES_ERROR;
				GCC_WARN_UNDECLARED_SELECTOR = YES;
				GCC_WARN_UNINITIALIZED_AUTOS = YES_AGGRESSIVE;
				GCC_WARN_UNUSED_FUNCTION = YES;
				GCC_WARN_UNUSED_VARIABLE = YES;
				IPHONEOS_DEPLOYMENT_TARGET = 12.0;
				MTL_ENABLE_DEBUG_INFO = NO;
				MTL_FAST_MATH = YES;
				SDKROOT = iphoneos;
				SWIFT_COMPILATION_MODE = wholemodule;
				SWIFT_OPTIMIZATION_LEVEL = "-O";
				VALIDATE_PRODUCT = YES;
			};
			name = Release;
		};
		47419D00217A745800045B25 /* Debug */ = {
			isa = XCBuildConfiguration;
			buildSettings = {
				ASSETCATALOG_COMPILER_APPICON_NAME = AppIcon;
				CODE_SIGN_STYLE = Automatic;
				INFOPLIST_FILE = "whats-the-weather/Info.plist";
				LD_RUNPATH_SEARCH_PATHS = (
					"$(inherited)",
					"@executable_path/Frameworks",
				);
				PRODUCT_BUNDLE_IDENTIFIER = "com.kjkl.whats-the-weather";
				PRODUCT_NAME = "$(TARGET_NAME)";
				SWIFT_VERSION = 4.2;
				TARGETED_DEVICE_FAMILY = "1,2";
			};
			name = Debug;
		};
		47419D01217A745800045B25 /* Release */ = {
			isa = XCBuildConfiguration;
			buildSettings = {
				ASSETCATALOG_COMPILER_APPICON_NAME = AppIcon;
				CODE_SIGN_STYLE = Automatic;
				INFOPLIST_FILE = "whats-the-weather/Info.plist";
				LD_RUNPATH_SEARCH_PATHS = (
					"$(inherited)",
					"@executable_path/Frameworks",
				);
				PRODUCT_BUNDLE_IDENTIFIER = "com.kjkl.whats-the-weather";
				PRODUCT_NAME = "$(TARGET_NAME)";
				SWIFT_VERSION = 4.2;
				TARGETED_DEVICE_FAMILY = "1,2";
			};
			name = Release;
		};
/* End XCBuildConfiguration section */

/* Begin XCConfigurationList section */
		47419CE6217A745600045B25 /* Build configuration list for PBXProject "whats-the-weather" */ = {
			isa = XCConfigurationList;
			buildConfigurations = (
				47419CFD217A745800045B25 /* Debug */,
				47419CFE217A745800045B25 /* Release */,
			);
			defaultConfigurationIsVisible = 0;
			defaultConfigurationName = Release;
		};
		47419CFF217A745800045B25 /* Build configuration list for PBXNativeTarget "whats-the-weather" */ = {
			isa = XCConfigurationList;
			buildConfigurations = (
				47419D00217A745800045B25 /* Debug */,
				47419D01217A745800045B25 /* Release */,
			);
			defaultConfigurationIsVisible = 0;
			defaultConfigurationName = Release;
		};
/* End XCConfigurationList section */
	};
	rootObject = 47419CE3217A745600045B25 /* Project object */;
}
